{
    "_meta": {
        "hash": {
            "sha256": "1cd4fb05587be90b513b0a0b485ee5941236ab9632e710052aabeac955d19664"
        },
        "pipfile-spec": 6,
        "requires": {
            "python_version": "3.7"
        },
        "sources": [
            {
                "name": "pip_conf_index_global",
                "url": "https://pypi.org/simple",
                "verify_ssl": false
            }
        ]
    },
    "default": {},
    "develop": {}
}
